// !$*UTF8*$!
{
	archiveVersion = 1;
	classes = {
	};
	objectVersion = 46;
	objects = {

/* Begin PBXBuildFile section */
		B747352518F68A8D009F7A4F /* Structures in CopyFiles */ = {isa = PBXBuildFile; fileRef = B747352218F68A7A009F7A4F /* Structures */; };
		B75B539F18D7ACDE00413586 /* main.cc in Sources */ = {isa = PBXBuildFile; fileRef = B75B539E18D7ACDE00413586 /* main.cc */; };
		B75B53A618D7ACF500413586 /* Cocoa.framework in Frameworks */ = {isa = PBXBuildFile; fileRef = B75B53A518D7ACF500413586 /* Cocoa.framework */; };
		B75B53B418D7BDFF00413586 /* SDL_ns.cc in Sources */ = {isa = PBXBuildFile; fileRef = B75B53B318D7BDFF00413586 /* SDL_ns.cc */; };
		B7711F3718F6A573006669A1 /* PS_ns_APPLE.cc in Sources */ = {isa = PBXBuildFile; fileRef = B7711F3618F6A573006669A1 /* PS_ns_APPLE.cc */; };
		B7711F3B18F6AB5E006669A1 /* GRIDMAP_ns.cc in Sources */ = {isa = PBXBuildFile; fileRef = B7711F3918F6AB5E006669A1 /* GRIDMAP_ns.cc */; };
		B7711F4018F76A2F006669A1 /* Tile_Map in CopyFiles */ = {isa = PBXBuildFile; fileRef = B7711F3F18F76A16006669A1 /* Tile_Map */; };
		B7711F4118F76A2F006669A1 /* Structure_Map in CopyFiles */ = {isa = PBXBuildFile; fileRef = B7711F3E18F76A16006669A1 /* Structure_Map */; };
		B7711F4518F79DDE006669A1 /* OBJECT_2D_ns.cc in Sources */ = {isa = PBXBuildFile; fileRef = B7711F4318F79DDE006669A1 /* OBJECT_2D_ns.cc */; };
		B7711F4918F7A231006669A1 /* TEXTURE_ns.cc in Sources */ = {isa = PBXBuildFile; fileRef = B7711F4718F7A231006669A1 /* TEXTURE_ns.cc */; };
		B7711F4D18F7BF0F006669A1 /* OBJECT_2D_Mob_c.cc in Sources */ = {isa = PBXBuildFile; fileRef = B7711F4B18F7BF0F006669A1 /* OBJECT_2D_Mob_c.cc */; };
		B7759C8118EE8C5800DC56BF /* TEXTURE_Sprite_Container_c.cc in Sources */ = {isa = PBXBuildFile; fileRef = B7759C8018EE8C5800DC56BF /* TEXTURE_Sprite_Container_c.cc */; };
		B79F6B7C19CBF6C200F129EC /* SDL2.framework in CopyFiles */ = {isa = PBXBuildFile; fileRef = B7CBCD3318EEAB7B00117411 /* SDL2.framework */; settings = {ATTRIBUTES = (CodeSignOnCopy, ); }; };
		B7CB8E9818F6988400DCB1DE /* CoreFoundation.framework in Frameworks */ = {isa = PBXBuildFile; fileRef = B7CB8E9718F6988400DCB1DE /* CoreFoundation.framework */; };
		B7CBCD3418EEAB7B00117411 /* SDL2.framework in Frameworks */ = {isa = PBXBuildFile; fileRef = B7CBCD3318EEAB7B00117411 /* SDL2.framework */; };
		B7CBCD3818F221E300117411 /* Tiles in CopyFiles */ = {isa = PBXBuildFile; fileRef = B7CBCD3618EF5D6500117411 /* Tiles */; };
		B7CBCD3C18F4F6F200117411 /* JO_ns.cc in Sources */ = {isa = PBXBuildFile; fileRef = B7CBCD3A18F4F6F200117411 /* JO_ns.cc */; };
/* End PBXBuildFile section */

/* Begin PBXCopyFilesBuildPhase section */
		B75B539918D7ACDE00413586 /* CopyFiles */ = {
			isa = PBXCopyFilesBuildPhase;
			buildActionMask = 12;
			dstPath = Textures;
			dstSubfolderSpec = 7;
			files = (
				B747352518F68A8D009F7A4F /* Structures in CopyFiles */,
				B7CBCD3818F221E300117411 /* Tiles in CopyFiles */,
			);
			runOnlyForDeploymentPostprocessing = 0;
		};
		B7711F3C18F769F7006669A1 /* CopyFiles */ = {
			isa = PBXCopyFilesBuildPhase;
			buildActionMask = 2147483647;
			dstPath = Maps;
			dstSubfolderSpec = 7;
			files = (
				B7711F4018F76A2F006669A1 /* Tile_Map in CopyFiles */,
				B7711F4118F76A2F006669A1 /* Structure_Map in CopyFiles */,
			);
			runOnlyForDeploymentPostprocessing = 0;
		};
		B79F6B7B19CBF6B800F129EC /* CopyFiles */ = {
			isa = PBXCopyFilesBuildPhase;
			buildActionMask = 2147483647;
			dstPath = "";
			dstSubfolderSpec = 10;
			files = (
				B79F6B7C19CBF6C200F129EC /* SDL2.framework in CopyFiles */,
			);
			runOnlyForDeploymentPostprocessing = 0;
		};
/* End PBXCopyFilesBuildPhase section */

/* Begin PBXFileReference section */
		B747352218F68A7A009F7A4F /* Structures */ = {isa = PBXFileReference; lastKnownFileType = file; path = Structures; sourceTree = "<group>"; };
		B747352718F695B5009F7A4F /* PS_ns.h */ = {isa = PBXFileReference; explicitFileType = sourcecode.cpp.h; path = PS_ns.h; sourceTree = "<group>"; };
		B75B539B18D7ACDE00413586 /* Jō.app */ = {isa = PBXFileReference; explicitFileType = wrapper.application; includeInIndex = 0; path = "Jō.app"; sourceTree = BUILT_PRODUCTS_DIR; };
		B75B539E18D7ACDE00413586 /* main.cc */ = {isa = PBXFileReference; lastKnownFileType = sourcecode.cpp.cpp; path = main.cc; sourceTree = "<group>"; };
		B75B53A518D7ACF500413586 /* Cocoa.framework */ = {isa = PBXFileReference; lastKnownFileType = wrapper.framework; name = Cocoa.framework; path = System/Library/Frameworks/Cocoa.framework; sourceTree = SDKROOT; };
		B75B53B118D7BDDD00413586 /* SDL_ns.h */ = {isa = PBXFileReference; explicitFileType = sourcecode.cpp.h; fileEncoding = 4; path = SDL_ns.h; sourceTree = "<group>"; };
		B75B53B318D7BDFF00413586 /* SDL_ns.cc */ = {isa = PBXFileReference; fileEncoding = 4; lastKnownFileType = sourcecode.cpp.cpp; path = SDL_ns.cc; sourceTree = "<group>"; };
		B75B53CB18D86AA700413586 /* Info.plist */ = {isa = PBXFileReference; fileEncoding = 4; lastKnownFileType = text.plist.xml; path = Info.plist; sourceTree = "<group>"; };
		B7711F3618F6A573006669A1 /* PS_ns_APPLE.cc */ = {isa = PBXFileReference; fileEncoding = 4; lastKnownFileType = sourcecode.cpp.cpp; path = PS_ns_APPLE.cc; sourceTree = "<group>"; };
		B7711F3918F6AB5E006669A1 /* GRIDMAP_ns.cc */ = {isa = PBXFileReference; fileEncoding = 4; lastKnownFileType = sourcecode.cpp.cpp; path = GRIDMAP_ns.cc; sourceTree = "<group>"; };
		B7711F3A18F6AB5E006669A1 /* GRIDMAP_ns.h */ = {isa = PBXFileReference; fileEncoding = 4; lastKnownFileType = sourcecode.c.h; path = GRIDMAP_ns.h; sourceTree = "<group>"; };
		B7711F3E18F76A16006669A1 /* Structure_Map */ = {isa = PBXFileReference; lastKnownFileType = file; path = Structure_Map; sourceTree = "<group>"; };
		B7711F3F18F76A16006669A1 /* Tile_Map */ = {isa = PBXFileReference; lastKnownFileType = file; path = Tile_Map; sourceTree = "<group>"; };
		B7711F4318F79DDE006669A1 /* OBJECT_2D_ns.cc */ = {isa = PBXFileReference; fileEncoding = 4; lastKnownFileType = sourcecode.cpp.cpp; path = OBJECT_2D_ns.cc; sourceTree = "<group>"; };
		B7711F4418F79DDE006669A1 /* OBJECT_2D_ns.h */ = {isa = PBXFileReference; fileEncoding = 4; lastKnownFileType = sourcecode.c.h; path = OBJECT_2D_ns.h; sourceTree = "<group>"; };
		B7711F4718F7A231006669A1 /* TEXTURE_ns.cc */ = {isa = PBXFileReference; fileEncoding = 4; lastKnownFileType = sourcecode.cpp.cpp; path = TEXTURE_ns.cc; sourceTree = "<group>"; };
		B7711F4818F7A231006669A1 /* TEXTURE_ns.h */ = {isa = PBXFileReference; fileEncoding = 4; lastKnownFileType = sourcecode.c.h; path = TEXTURE_ns.h; sourceTree = "<group>"; };
		B7711F4B18F7BF0F006669A1 /* OBJECT_2D_Mob_c.cc */ = {isa = PBXFileReference; fileEncoding = 4; lastKnownFileType = sourcecode.cpp.cpp; path = OBJECT_2D_Mob_c.cc; sourceTree = "<group>"; };
		B7711F4C18F7BF0F006669A1 /* OBJECT_2D_Mob_c.h */ = {isa = PBXFileReference; fileEncoding = 4; lastKnownFileType = sourcecode.c.h; path = OBJECT_2D_Mob_c.h; sourceTree = "<group>"; };
		B7759C7F18EE897500DC56BF /* TEXTURE_Sprite_Container_c.h */ = {isa = PBXFileReference; explicitFileType = sourcecode.cpp.h; path = TEXTURE_Sprite_Container_c.h; sourceTree = "<group>"; };
		B7759C8018EE8C5800DC56BF /* TEXTURE_Sprite_Container_c.cc */ = {isa = PBXFileReference; fileEncoding = 4; lastKnownFileType = sourcecode.cpp.cpp; path = TEXTURE_Sprite_Container_c.cc; sourceTree = "<group>"; };
		B7B305BB18EEA93300E6829B /* icon.icns */ = {isa = PBXFileReference; lastKnownFileType = image.icns; path = icon.icns; sourceTree = "<group>"; };
		B7CB8E9718F6988400DCB1DE /* CoreFoundation.framework */ = {isa = PBXFileReference; lastKnownFileType = wrapper.framework; name = CoreFoundation.framework; path = System/Library/Frameworks/CoreFoundation.framework; sourceTree = SDKROOT; };
		B7CBCD3318EEAB7B00117411 /* SDL2.framework */ = {isa = PBXFileReference; lastKnownFileType = wrapper.framework; name = SDL2.framework; path = ../../../../../../../Library/Frameworks/SDL2.framework; sourceTree = "<group>"; };
		B7CBCD3618EF5D6500117411 /* Tiles */ = {isa = PBXFileReference; lastKnownFileType = file; path = Tiles; sourceTree = "<group>"; };
		B7CBCD3A18F4F6F200117411 /* JO_ns.cc */ = {isa = PBXFileReference; fileEncoding = 4; lastKnownFileType = sourcecode.cpp.cpp; path = JO_ns.cc; sourceTree = "<group>"; };
		B7CBCD3B18F4F6F200117411 /* JO_ns.h */ = {isa = PBXFileReference; fileEncoding = 4; lastKnownFileType = sourcecode.c.h; path = JO_ns.h; sourceTree = "<group>"; };
/* End PBXFileReference section */

/* Begin PBXFrameworksBuildPhase section */
		B75B539818D7ACDE00413586 /* Frameworks */ = {
			isa = PBXFrameworksBuildPhase;
			buildActionMask = 2147483647;
			files = (
				B7CB8E9818F6988400DCB1DE /* CoreFoundation.framework in Frameworks */,
				B7CBCD3418EEAB7B00117411 /* SDL2.framework in Frameworks */,
				B75B53A618D7ACF500413586 /* Cocoa.framework in Frameworks */,
			);
			runOnlyForDeploymentPostprocessing = 0;
		};
/* End PBXFrameworksBuildPhase section */

/* Begin PBXGroup section */
		B747352618F6955C009F7A4F /* PS_ns */ = {
			isa = PBXGroup;
			children = (
				B747352718F695B5009F7A4F /* PS_ns.h */,
				B7711F3618F6A573006669A1 /* PS_ns_APPLE.cc */,
			);
			name = PS_ns;
			path = ../../../../Libraries/C/PS_ns;
			sourceTree = "<group>";
		};
		B75B539218D7ACDE00413586 = {
			isa = PBXGroup;
			children = (
				B7B305BB18EEA93300E6829B /* icon.icns */,
				B7CB8E9718F6988400DCB1DE /* CoreFoundation.framework */,
				B7CBCD3318EEAB7B00117411 /* SDL2.framework */,
				B75B53A518D7ACF500413586 /* Cocoa.framework */,
				B75B539D18D7ACDE00413586 /* Jō */,
				B75B539C18D7ACDE00413586 /* Products */,
			);
			sourceTree = "<group>";
			usesTabs = 0;
		};
		B75B539C18D7ACDE00413586 /* Products */ = {
			isa = PBXGroup;
			children = (
				B75B539B18D7ACDE00413586 /* Jō.app */,
			);
			name = Products;
			sourceTree = "<group>";
		};
		B75B539D18D7ACDE00413586 /* Jō */ = {
			isa = PBXGroup;
			children = (
				B75B53CC18D86AB400413586 /* !DATA! */,
				B747352618F6955C009F7A4F /* PS_ns */,
				B75B53B018D7BDDD00413586 /* SDL_ns */,
				B7711F4618F7A201006669A1 /* TEXTURE_ns */,
				B7711F3818F6AB15006669A1 /* GRIDMAP_ns */,
				B7711F4218F79D33006669A1 /* OBJECT_2D_ns */,
				B7CBCD3918F4F6A100117411 /* JO_ns */,
				B75B539E18D7ACDE00413586 /* main.cc */,
			);
			name = "Jō";
			path = "Jō";
			sourceTree = "<group>";
		};
		B75B53B018D7BDDD00413586 /* SDL_ns */ = {
			isa = PBXGroup;
			children = (
				B75B53B118D7BDDD00413586 /* SDL_ns.h */,
				B75B53B318D7BDFF00413586 /* SDL_ns.cc */,
			);
			name = SDL_ns;
			path = ../../../../Libraries/C/SDL_ns;
			sourceTree = "<group>";
		};
		B75B53CC18D86AB400413586 /* !DATA! */ = {
			isa = PBXGroup;
			children = (
				B7CBCD3518EF5D6500117411 /* Textures */,
				B7711F3D18F76A16006669A1 /* Maps */,
				B75B53CB18D86AA700413586 /* Info.plist */,
			);
			path = "!DATA!";
			sourceTree = "<group>";
		};
		B7711F3818F6AB15006669A1 /* GRIDMAP_ns */ = {
			isa = PBXGroup;
			children = (
				B7711F3A18F6AB5E006669A1 /* GRIDMAP_ns.h */,
				B7711F3918F6AB5E006669A1 /* GRIDMAP_ns.cc */,
			);
			name = GRIDMAP_ns;
			path = ../../../../Libraries/C/GRIDMAP_ns;
			sourceTree = "<group>";
		};
		B7711F3D18F76A16006669A1 /* Maps */ = {
			isa = PBXGroup;
			children = (
				B7711F3F18F76A16006669A1 /* Tile_Map */,
				B7711F3E18F76A16006669A1 /* Structure_Map */,
			);
			path = Maps;
			sourceTree = "<group>";
		};
		B7711F4218F79D33006669A1 /* OBJECT_2D_ns */ = {
			isa = PBXGroup;
			children = (
				B7711F4418F79DDE006669A1 /* OBJECT_2D_ns.h */,
				B7711F4318F79DDE006669A1 /* OBJECT_2D_ns.cc */,
				B7711F4C18F7BF0F006669A1 /* OBJECT_2D_Mob_c.h */,
				B7711F4B18F7BF0F006669A1 /* OBJECT_2D_Mob_c.cc */,
			);
			name = OBJECT_2D_ns;
			path = ../../../../Libraries/C/OBJECT_2D_ns;
			sourceTree = "<group>";
		};
		B7711F4618F7A201006669A1 /* TEXTURE_ns */ = {
			isa = PBXGroup;
			children = (
				B7711F4818F7A231006669A1 /* TEXTURE_ns.h */,
				B7711F4718F7A231006669A1 /* TEXTURE_ns.cc */,
				B7759C7F18EE897500DC56BF /* TEXTURE_Sprite_Container_c.h */,
				B7759C8018EE8C5800DC56BF /* TEXTURE_Sprite_Container_c.cc */,
			);
			name = TEXTURE_ns;
			path = ../../../../Libraries/C/TEXTURE_ns;
			sourceTree = "<group>";
		};
		B7CBCD3518EF5D6500117411 /* Textures */ = {
			isa = PBXGroup;
			children = (
				B7CBCD3618EF5D6500117411 /* Tiles */,
				B747352218F68A7A009F7A4F /* Structures */,
			);
			path = Textures;
			sourceTree = "<group>";
		};
		B7CBCD3918F4F6A100117411 /* JO_ns */ = {
			isa = PBXGroup;
			children = (
				B7CBCD3B18F4F6F200117411 /* JO_ns.h */,
				B7CBCD3A18F4F6F200117411 /* JO_ns.cc */,
			);
			path = JO_ns;
			sourceTree = "<group>";
		};
/* End PBXGroup section */

/* Begin PBXNativeTarget section */
		B75B539A18D7ACDE00413586 /* Jō */ = {
			isa = PBXNativeTarget;
			buildConfigurationList = B75B53A218D7ACDE00413586 /* Build configuration list for PBXNativeTarget "Jō" */;
			buildPhases = (
				B75B539718D7ACDE00413586 /* Sources */,
				B75B539818D7ACDE00413586 /* Frameworks */,
				B75B539918D7ACDE00413586 /* CopyFiles */,
				B7711F3C18F769F7006669A1 /* CopyFiles */,
				B79F6B7B19CBF6B800F129EC /* CopyFiles */,
			);
			buildRules = (
			);
			dependencies = (
			);
			name = "Jō";
			productName = GameProject;
			productReference = B75B539B18D7ACDE00413586 /* Jō.app */;
			productType = "com.apple.product-type.application";
		};
/* End PBXNativeTarget section */

/* Begin PBXProject section */
		B75B539318D7ACDE00413586 /* Project object */ = {
			isa = PBXProject;
			attributes = {
				LastUpgradeCheck = 0510;
				ORGANIZATIONNAME = "\\u2764";
				TargetAttributes = {
					B75B539A18D7ACDE00413586 = {
						SystemCapabilities = {
							com.apple.Sandbox = {
								enabled = 0;
							};
						};
					};
				};
			};
			buildConfigurationList = B75B539618D7ACDE00413586 /* Build configuration list for PBXProject "Jō" */;
			compatibilityVersion = "Xcode 3.2";
			developmentRegion = English;
			hasScannedForEncodings = 0;
			knownRegions = (
				en,
			);
			mainGroup = B75B539218D7ACDE00413586;
			productRefGroup = B75B539C18D7ACDE00413586 /* Products */;
			projectDirPath = "";
			projectRoot = "";
			targets = (
				B75B539A18D7ACDE00413586 /* Jō */,
			);
		};
/* End PBXProject section */

/* Begin PBXSourcesBuildPhase section */
		B75B539718D7ACDE00413586 /* Sources */ = {
			isa = PBXSourcesBuildPhase;
			buildActionMask = 2147483647;
			files = (
				B7711F4D18F7BF0F006669A1 /* OBJECT_2D_Mob_c.cc in Sources */,
				B7711F4918F7A231006669A1 /* TEXTURE_ns.cc in Sources */,
				B7759C8118EE8C5800DC56BF /* TEXTURE_Sprite_Container_c.cc in Sources */,
				B7711F3718F6A573006669A1 /* PS_ns_APPLE.cc in Sources */,
				B75B53B418D7BDFF00413586 /* SDL_ns.cc in Sources */,
				B75B539F18D7ACDE00413586 /* main.cc in Sources */,
				B7CBCD3C18F4F6F200117411 /* JO_ns.cc in Sources */,
				B7711F4518F79DDE006669A1 /* OBJECT_2D_ns.cc in Sources */,
				B7711F3B18F6AB5E006669A1 /* GRIDMAP_ns.cc in Sources */,
			);
			runOnlyForDeploymentPostprocessing = 0;
		};
/* End PBXSourcesBuildPhase section */

/* Begin XCBuildConfiguration section */
		B75B53A018D7ACDE00413586 /* Debug */ = {
			isa = XCBuildConfiguration;
			buildSettings = {
				ALWAYS_SEARCH_USER_PATHS = NO;
				CLANG_CXX_LANGUAGE_STANDARD = "gnu++0x";
				CLANG_CXX_LIBRARY = "libc++";
				CLANG_ENABLE_MODULES = YES;
				CLANG_ENABLE_OBJC_ARC = YES;
				CLANG_WARN_BOOL_CONVERSION = YES;
				CLANG_WARN_CONSTANT_CONVERSION = YES;
				CLANG_WARN_DIRECT_OBJC_ISA_USAGE = YES_ERROR;
				CLANG_WARN_EMPTY_BODY = YES;
				CLANG_WARN_ENUM_CONVERSION = YES;
				CLANG_WARN_INT_CONVERSION = YES;
				CLANG_WARN_OBJC_ROOT_CLASS = YES_ERROR;
				CLANG_WARN__DUPLICATE_METHOD_MATCH = YES;
				COPY_PHASE_STRIP = NO;
				GCC_C_LANGUAGE_STANDARD = gnu99;
				GCC_DYNAMIC_NO_PIC = NO;
				GCC_ENABLE_OBJC_EXCEPTIONS = YES;
				GCC_OPTIMIZATION_LEVEL = 0;
				GCC_PREPROCESSOR_DEFINITIONS = (
					"DEBUG=1",
					"$(inherited)",
				);
				GCC_SYMBOLS_PRIVATE_EXTERN = NO;
				GCC_WARN_64_TO_32_BIT_CONVERSION = YES;
				GCC_WARN_ABOUT_RETURN_TYPE = YES_ERROR;
				GCC_WARN_UNDECLARED_SELECTOR = YES;
				GCC_WARN_UNINITIALIZED_AUTOS = YES_AGGRESSIVE;
				GCC_WARN_UNUSED_FUNCTION = YES;
				GCC_WARN_UNUSED_VARIABLE = YES;
				MACOSX_DEPLOYMENT_TARGET = 10.9;
				ONLY_ACTIVE_ARCH = YES;
				SDKROOT = macosx;
			};
			name = Debug;
		};
		B75B53A118D7ACDE00413586 /* Release */ = {
			isa = XCBuildConfiguration;
			buildSettings = {
				ALWAYS_SEARCH_USER_PATHS = NO;
				CLANG_CXX_LANGUAGE_STANDARD = "gnu++0x";
				CLANG_CXX_LIBRARY = "libc++";
				CLANG_ENABLE_MODULES = YES;
				CLANG_ENABLE_OBJC_ARC = YES;
				CLANG_WARN_BOOL_CONVERSION = YES;
				CLANG_WARN_CONSTANT_CONVERSION = YES;
				CLANG_WARN_DIRECT_OBJC_ISA_USAGE = YES_ERROR;
				CLANG_WARN_EMPTY_BODY = YES;
				CLANG_WARN_ENUM_CONVERSION = YES;
				CLANG_WARN_INT_CONVERSION = YES;
				CLANG_WARN_OBJC_ROOT_CLASS = YES_ERROR;
				CLANG_WARN__DUPLICATE_METHOD_MATCH = YES;
				COPY_PHASE_STRIP = YES;
				DEBUG_INFORMATION_FORMAT = "dwarf-with-dsym";
				ENABLE_NS_ASSERTIONS = NO;
				GCC_C_LANGUAGE_STANDARD = gnu99;
				GCC_ENABLE_OBJC_EXCEPTIONS = YES;
				GCC_WARN_64_TO_32_BIT_CONVERSION = YES;
				GCC_WARN_ABOUT_RETURN_TYPE = YES_ERROR;
				GCC_WARN_UNDECLARED_SELECTOR = YES;
				GCC_WARN_UNINITIALIZED_AUTOS = YES_AGGRESSIVE;
				GCC_WARN_UNUSED_FUNCTION = YES;
				GCC_WARN_UNUSED_VARIABLE = YES;
				MACOSX_DEPLOYMENT_TARGET = 10.9;
				SDKROOT = macosx;
			};
			name = Release;
		};
		B75B53A318D7ACDE00413586 /* Debug */ = {
			isa = XCBuildConfiguration;
			buildSettings = {
				CODE_SIGN_IDENTITY = "";
				FRAMEWORK_SEARCH_PATHS = (
					/Library/Frameworks,
					"$(LOCAL_LIBRARY_DIR)/Frameworks",
				);
				HEADER_SEARCH_PATHS = (
					/opt/local/include,
					/usr/include,
					/usr/local/include,
				);
				INFOPLIST_FILE = "$(SRCROOT)/Jō/!DATA!/Info.plist";
				LIBRARY_SEARCH_PATHS = (
					/opt/local/lib,
					/usr/lib,
				);
				MACOSX_DEPLOYMENT_TARGET = 10.7;
				OTHER_LDFLAGS = (
					"-framework",
					cocoa,
					"-framework",
					SDL2,
				);
				PRODUCT_NAME = "Jō";
				USER_HEADER_SEARCH_PATHS = "";
			};
			name = Debug;
		};
		B75B53A418D7ACDE00413586 /* Release */ = {
			isa = XCBuildConfiguration;
			buildSettings = {
				CODE_SIGN_IDENTITY = "";
				FRAMEWORK_SEARCH_PATHS = (
					/Library/Frameworks,
					"$(LOCAL_LIBRARY_DIR)/Frameworks",
				);
				HEADER_SEARCH_PATHS = (
					/opt/local/include,
					/usr/include,
					/usr/local/include,
				);
				INFOPLIST_FILE = "$(SRCROOT)/Jō/!DATA!/Info.plist";
				LIBRARY_SEARCH_PATHS = (
					/opt/local/lib,
					/usr/lib,
				);
				MACOSX_DEPLOYMENT_TARGET = 10.7;
				OTHER_LDFLAGS = (
					"-framework",
					cocoa,
					"-framework",
					SDL2,
				);
				PRODUCT_NAME = "Jō";
				USER_HEADER_SEARCH_PATHS = "";
			};
			name = Release;
		};
/* End XCBuildConfiguration section */

/* Begin XCConfigurationList section */
		B75B539618D7ACDE00413586 /* Build configuration list for PBXProject "Jō" */ = {
			isa = XCConfigurationList;
			buildConfigurations = (
				B75B53A018D7ACDE00413586 /* Debug */,
				B75B53A118D7ACDE00413586 /* Release */,
			);
			defaultConfigurationIsVisible = 0;
			defaultConfigurationName = Release;
		};
		B75B53A218D7ACDE00413586 /* Build configuration list for PBXNativeTarget "Jō" */ = {
			isa = XCConfigurationList;
			buildConfigurations = (
				B75B53A318D7ACDE00413586 /* Debug */,
				B75B53A418D7ACDE00413586 /* Release */,
			);
			defaultConfigurationIsVisible = 0;
			defaultConfigurationName = Release;
		};
/* End XCConfigurationList section */
	};
	rootObject = B75B539318D7ACDE00413586 /* Project object */;
}
